<?xml version="1.0" encoding="utf-8"?>
<Project ToolsVersion="4.0" xmlns="http://schemas.microsoft.com/developer/msbuild/2003">
  <ItemGroup>
    <Filter Include="Source Files">
      <UniqueIdentifier>{4FC737F1-C7A5-4376-A066-2A32D752A2FF}</UniqueIdentifier>
      <Extensions>cpp;c;cc;cxx;def;odl;idl;hpj;bat;asm;asmx</Extensions>
    </Filter>
    <Filter Include="Header Files">
      <UniqueIdentifier>{93995380-89BD-4b04-88EB-625FBE52EBFB}</UniqueIdentifier>
      <Extensions>h;hh;hpp;hxx;hm;inl;inc;ipp;xsd</Extensions>
    </Filter>
    <Filter Include="Resource Files">
      <UniqueIdentifier>{67DA6AB6-F800-4c08-8B7A-83BB121AAD01}</UniqueIdentifier>
      <Extensions>rc;ico;cur;bmp;dlg;rc2;rct;bin;rgs;gif;jpg;jpeg;jpe;resx;tiff;tif;png;wav;mfcribbon-ms</Extensions>
    </Filter>
    <Filter Include="Game">
      <UniqueIdentifier>{f01cc910-2826-4173-90f3-bd8c2793b1ef}</UniqueIdentifier>
    </Filter>
    <Filter Include="Game\Game Object">
      <UniqueIdentifier>{a9324a55-3b2f-4332-b9f5-fc6f9f3eaf6e}</UniqueIdentifier>
    </Filter>
    <Filter Include="Game\Game Object\CGameObject">
      <UniqueIdentifier>{7f64b04f-ae81-4485-965e-01a013adeae6}</UniqueIdentifier>
    </Filter>
    <Filter Include="Game\Game Object\Object">
      <UniqueIdentifier>{6369d56e-9cd1-44f4-914f-e105e4204f7b}</UniqueIdentifier>
    </Filter>
    <Filter Include="Game\Scene">
      <UniqueIdentifier>{2fad9804-2110-4cbd-8c76-80afcdfafab5}</UniqueIdentifier>
    </Filter>
    <Filter Include="Game\Animation_Textures">
      <UniqueIdentifier>{fac46209-4486-457f-a2ea-3aa16e3c343e}</UniqueIdentifier>
    </Filter>
    <Filter Include="Game\Animation_Textures\Textures">
      <UniqueIdentifier>{b723aa8a-0e91-4b06-920f-03d4f7e4b1b0}</UniqueIdentifier>
    </Filter>
    <Filter Include="Game\Animation_Textures\AnimationSets">
      <UniqueIdentifier>{5d9b83b1-d2ae-49d6-b6e3-fd8490c67ef1}</UniqueIdentifier>
    </Filter>
    <Filter Include="Game\Animation_Textures\AnimationSets\Animations">
      <UniqueIdentifier>{821104f6-29fc-4545-bdb4-100ffddfa35f}</UniqueIdentifier>
    </Filter>
    <Filter Include="Game\Animation_Textures\AnimationSets\Animations\Animation">
      <UniqueIdentifier>{3089f844-3231-422a-8fec-a6a3997e05e4}</UniqueIdentifier>
    </Filter>
    <Filter Include="Game\Animation_Textures\AnimationSets\Animations\Animation\Sprites">
      <UniqueIdentifier>{12197e5f-1fa9-44f9-8b0f-74ab7f1b22b0}</UniqueIdentifier>
    </Filter>
    <Filter Include="Game\Scene\Camera">
      <UniqueIdentifier>{50ff799d-622a-4ce8-9db4-6d10976e3f4f}</UniqueIdentifier>
    </Filter>
    <Filter Include="Game\Scene\KeyHandler">
      <UniqueIdentifier>{e498627c-fd05-4657-a965-aaa9443ddf89}</UniqueIdentifier>
    </Filter>
    <Filter Include="Game\Scene\Map">
      <UniqueIdentifier>{3160069b-4dad-4c10-b794-18a19240a487}</UniqueIdentifier>
    </Filter>
    <Filter Include="Game\Game Object\Object\Mario">
      <UniqueIdentifier>{feffa236-23c2-4b0f-a6d8-ea07a0249b26}</UniqueIdentifier>
    </Filter>
    <Filter Include="Game\Game Object\Object\Mario\Player Level">
      <UniqueIdentifier>{829580f9-aed7-44d3-b021-e1cb344cd909}</UniqueIdentifier>
    </Filter>
    <Filter Include="Game\Game Object\Object\Mario\Weapon">
      <UniqueIdentifier>{cd155f85-0bb8-4cd8-9d23-c17710e0ddab}</UniqueIdentifier>
    </Filter>
    <Filter Include="Game\Game Object\Object\Misc">
      <UniqueIdentifier>{8522da5b-238e-4880-be09-c4c240196256}</UniqueIdentifier>
    </Filter>
    <Filter Include="Game\Game Object\Object\Enemy">
      <UniqueIdentifier>{5ee8bd02-7fe5-467f-8209-1cd3788288cf}</UniqueIdentifier>
    </Filter>
  </ItemGroup>
  <ItemGroup>
    <ClCompile Include="debug.cpp">
      <Filter>Source Files</Filter>
    </ClCompile>
    <ClCompile Include="CTextures.cpp">
      <Filter>Game\Animation_Textures\Textures</Filter>
    </ClCompile>
    <ClCompile Include="CGameObject.cpp">
      <Filter>Game\Game Object\CGameObject</Filter>
    </ClCompile>
    <ClCompile Include="CAnimations.cpp">
      <Filter>Game\Animation_Textures\AnimationSets\Animations</Filter>
    </ClCompile>
    <ClCompile Include="CSprite.cpp">
      <Filter>Game\Animation_Textures\AnimationSets\Animations\Animation\Sprites</Filter>
    </ClCompile>
    <ClCompile Include="CSprites.cpp">
      <Filter>Game\Animation_Textures\AnimationSets\Animations\Animation\Sprites</Filter>
    </ClCompile>
    <ClCompile Include="CScene.cpp">
      <Filter>Game\Scene</Filter>
    </ClCompile>
    <ClCompile Include="Utils.cpp">
      <Filter>Source Files</Filter>
    </ClCompile>
    <ClCompile Include="CKeyEventHandler.cpp">
      <Filter>Game\Scene\KeyHandler</Filter>
    </ClCompile>
    <ClCompile Include="CScenceKeyHandler.cpp">
      <Filter>Game\Scene\KeyHandler</Filter>
    </ClCompile>
    <ClCompile Include="CPlayScene.cpp">
      <Filter>Game\Scene</Filter>
    </ClCompile>
    <ClCompile Include="CAnimationSets.cpp">
      <Filter>Game\Animation_Textures\AnimationSets</Filter>
    </ClCompile>
    <ClCompile Include="CAnimation.cpp">
      <Filter>Game\Animation_Textures\AnimationSets\Animations\Animation</Filter>
    </ClCompile>
    <ClCompile Include="CAnimationFrame.cpp">
      <Filter>Game\Animation_Textures\AnimationSets\Animations\Animation</Filter>
    </ClCompile>
    <ClCompile Include="CGame.cpp">
      <Filter>Game</Filter>
    </ClCompile>
    <ClCompile Include="main.cpp">
      <Filter>Source Files</Filter>
    </ClCompile>
    <ClCompile Include="Camera.cpp">
      <Filter>Game\Scene\Camera</Filter>
    </ClCompile>
    <ClCompile Include="Map.cpp">
      <Filter>Game\Scene\Map</Filter>
    </ClCompile>
    <ClCompile Include="PlayerLevel.cpp">
      <Filter>Game\Game Object\Object\Mario\Player Level</Filter>
    </ClCompile>
    <ClCompile Include="SmallMario.cpp">
      <Filter>Game\Game Object\Object\Mario\Player Level</Filter>
    </ClCompile>
    <ClCompile Include="BigMario.cpp">
      <Filter>Game\Game Object\Object\Mario\Player Level</Filter>
    </ClCompile>
    <ClCompile Include="RacoonMario.cpp">
      <Filter>Game\Game Object\Object\Mario\Player Level</Filter>
    </ClCompile>
    <ClCompile Include="CPlaySceneKeyHandler.cpp">
      <Filter>Game\Scene\KeyHandler</Filter>
    </ClCompile>
    <ClCompile Include="FireMario.cpp">
      <Filter>Game\Game Object\Object\Mario\Player Level</Filter>
    </ClCompile>
    <ClCompile Include="HammerMario.cpp">
      <Filter>Game\Game Object\Object\Mario\Player Level</Filter>
    </ClCompile>
    <ClCompile Include="Mario.cpp">
      <Filter>Game\Game Object\Object\Mario</Filter>
    </ClCompile>
    <ClCompile Include="MarioFireBall.cpp">
      <Filter>Game\Game Object\Object\Mario\Weapon</Filter>
    </ClCompile>
    <ClCompile Include="Pipe.cpp">
      <Filter>Game\Game Object\Object\Misc</Filter>
    </ClCompile>
    <ClCompile Include="GhostObject.cpp">
      <Filter>Game\Game Object\Object\Misc</Filter>
    </ClCompile>
    <ClCompile Include="Brick.cpp">
      <Filter>Game\Game Object\Object\Misc</Filter>
    </ClCompile>
    <ClCompile Include="MarioTail.cpp">
      <Filter>Game\Game Object\Object\Mario\Weapon</Filter>
    </ClCompile>
  </ItemGroup>
  <ItemGroup>
    <ClInclude Include="debug.h">
      <Filter>Header Files</Filter>
    </ClInclude>
    <ClInclude Include="CTextures.h">
      <Filter>Game\Animation_Textures\Textures</Filter>
    </ClInclude>
    <ClInclude Include="CGameObject.h">
      <Filter>Game\Game Object\CGameObject</Filter>
    </ClInclude>
    <ClInclude Include="CAnimations.h">
      <Filter>Game\Animation_Textures\AnimationSets\Animations</Filter>
    </ClInclude>
    <ClInclude Include="CSprite.h">
      <Filter>Game\Animation_Textures\AnimationSets\Animations\Animation\Sprites</Filter>
    </ClInclude>
    <ClInclude Include="CSprites.h">
      <Filter>Game\Animation_Textures\AnimationSets\Animations\Animation\Sprites</Filter>
    </ClInclude>
    <ClInclude Include="CGame.h">
      <Filter>Game</Filter>
    </ClInclude>
    <ClInclude Include="define.h">
      <Filter>Header Files</Filter>
    </ClInclude>
    <ClInclude Include="CKeyEventHandler.h">
      <Filter>Game\Scene\KeyHandler</Filter>
    </ClInclude>
    <ClInclude Include="Utils.h">
      <Filter>Header Files</Filter>
    </ClInclude>
    <ClInclude Include="CScenceKeyHandler.h">
      <Filter>Game\Scene\KeyHandler</Filter>
    </ClInclude>
    <ClInclude Include="CPlayScene.h">
      <Filter>Game\Scene</Filter>
    </ClInclude>
    <ClInclude Include="CPlaySceneKeyHandler.h">
      <Filter>Game\Scene\KeyHandler</Filter>
    </ClInclude>
    <ClInclude Include="CAnimationSets.h">
      <Filter>Game\Animation_Textures\AnimationSets</Filter>
    </ClInclude>
    <ClInclude Include="CAnimation.h">
      <Filter>Game\Animation_Textures\AnimationSets\Animations\Animation</Filter>
    </ClInclude>
    <ClInclude Include="CAnimationFrame.h">
      <Filter>Game\Animation_Textures\AnimationSets\Animations\Animation</Filter>
    </ClInclude>
    <ClInclude Include="Camera.h">
      <Filter>Game\Scene\Camera</Filter>
    </ClInclude>
    <ClInclude Include="Map.h">
      <Filter>Game\Scene\Map</Filter>
    </ClInclude>
    <ClInclude Include="PlayerLevel.h">
      <Filter>Game\Game Object\Object\Mario\Player Level</Filter>
    </ClInclude>
    <ClInclude Include="SmallMario.h">
      <Filter>Game\Game Object\Object\Mario\Player Level</Filter>
    </ClInclude>
    <ClInclude Include="BigMario.h">
      <Filter>Game\Game Object\Object\Mario\Player Level</Filter>
    </ClInclude>
    <ClInclude Include="RacoonMario.h">
      <Filter>Game\Game Object\Object\Mario\Player Level</Filter>
    </ClInclude>
    <ClInclude Include="FireMario.h">
      <Filter>Game\Game Object\Object\Mario\Player Level</Filter>
    </ClInclude>
    <ClInclude Include="HammerMario.h">
      <Filter>Game\Game Object\Object\Mario\Player Level</Filter>
    </ClInclude>
    <ClInclude Include="CScene.h">
      <Filter>Game</Filter>
    </ClInclude>
    <ClInclude Include="Mario.h">
      <Filter>Game\Game Object\Object\Mario</Filter>
    </ClInclude>
    <ClInclude Include="MarioFireBall.h">
      <Filter>Game\Game Object\Object\Mario\Weapon</Filter>
    </ClInclude>
    <ClInclude Include="Pipe.h">
      <Filter>Game\Game Object\Object\Misc</Filter>
    </ClInclude>
    <ClInclude Include="GhostObject.h">
      <Filter>Game\Game Object\Object\Misc</Filter>
    </ClInclude>
    <ClInclude Include="Brick.h">
      <Filter>Game\Game Object\Object\Misc</Filter>
    </ClInclude>
    <ClInclude Include="MarioTail.h">
      <Filter>Game\Game Object\Object\Mario\Weapon</Filter>
    </ClInclude>
  </ItemGroup>
</Project>